
Microsoft Visual Studio Solution File, Format Version 12.00
# Visual Studio Version 17
VisualStudioVersion = 17.5.33424.131
MinimumVisualStudioVersion = 10.0.40219.1
Project("{FAE04EC0-301F-11D3-BF4B-00C04F79EFBC}") = "Izbornik", "Izbornik\Izbornik.csproj", "{F587D1A4-FD39-4C65-8019-48E52CF4782B}"
EndProject
Global
	GlobalSection(SolutionConfigurationPlatforms) = preSolution
		Debug|Any CPU = Debug|Any CPU
		Release|Any CPU = Release|Any CPU
	EndGlobalSection
	GlobalSection(ProjectConfigurationPlatforms) = postSolution
		{F587D1A4-FD39-4C65-8019-48E52CF4782B}.Debug|Any CPU.ActiveCfg = Debug|Any CPU
		{F587D1A4-FD39-4C65-8019-48E52CF4782B}.Debug|Any CPU.Build.0 = Debug|Any CPU
		{F587D1A4-FD39-4C65-8019-48E52CF4782B}.Release|Any CPU.ActiveCfg = Release|Any CPU
		{F587D1A4-FD39-4C65-8019-48E52CF4782B}.Release|Any CPU.Build.0 = Release|Any CPU
	EndGlobalSection
	GlobalSection(SolutionProperties) = preSolution
		HideSolutionNode = FALSE
	EndGlobalSection
	GlobalSection(ExtensibilityGlobals) = postSolution
		SolutionGuid = {532A54D5-4D7F-4D6B-B028-1377615D2B06}
	EndGlobalSection
EndGlobal
