
Microsoft Visual Studio Solution File, Format Version 12.00
# Visual Studio Version 17
VisualStudioVersion = 17.5.33424.131
MinimumVisualStudioVersion = 10.0.40219.1
Project("{FAE04EC0-301F-11D3-BF4B-00C04F79EFBC}") = "PovezivanjeSbazom.WebApi", "PovezivanjeSbazom.WebApi\PovezivanjeSbazom.WebApi.csproj", "{E2279339-65D6-4C07-A457-B42AD9233805}"
EndProject
Global
	GlobalSection(SolutionConfigurationPlatforms) = preSolution
		Debug|Any CPU = Debug|Any CPU
		Release|Any CPU = Release|Any CPU
	EndGlobalSection
	GlobalSection(ProjectConfigurationPlatforms) = postSolution
		{E2279339-65D6-4C07-A457-B42AD9233805}.Debug|Any CPU.ActiveCfg = Debug|Any CPU
		{E2279339-65D6-4C07-A457-B42AD9233805}.Debug|Any CPU.Build.0 = Debug|Any CPU
		{E2279339-65D6-4C07-A457-B42AD9233805}.Release|Any CPU.ActiveCfg = Release|Any CPU
		{E2279339-65D6-4C07-A457-B42AD9233805}.Release|Any CPU.Build.0 = Release|Any CPU
	EndGlobalSection
	GlobalSection(SolutionProperties) = preSolution
		HideSolutionNode = FALSE
	EndGlobalSection
	GlobalSection(ExtensibilityGlobals) = postSolution
		SolutionGuid = {69F16FE1-7CC6-40CC-8C29-AC52962721C4}
	EndGlobalSection
EndGlobal
