
Microsoft Visual Studio Solution File, Format Version 12.00
# Visual Studio Version 17
VisualStudioVersion = 17.5.33424.131
MinimumVisualStudioVersion = 10.0.40219.1
Project("{FAE04EC0-301F-11D3-BF4B-00C04F79EFBC}") = "Kino.Service", "Kino.Service\Kino.Service.csproj", "{441364F6-4C6D-4ECD-965B-B064F0A1B902}"
EndProject
Project("{FAE04EC0-301F-11D3-BF4B-00C04F79EFBC}") = "Kino.WebApi", "Kino.WebApi\Kino.WebApi.csproj", "{AC2EE137-E393-4204-BD51-7E9F7CA2C629}"
EndProject
Project("{FAE04EC0-301F-11D3-BF4B-00C04F79EFBC}") = "Kino.Service.Common", "Kino.Service.Common\Kino.Service.Common.csproj", "{9E7B0855-B840-4A6A-978D-AE06008321CA}"
EndProject
Project("{FAE04EC0-301F-11D3-BF4B-00C04F79EFBC}") = "Kino.Repository", "Kino.Repository\Kino.Repository.csproj", "{40B575D6-C7C2-4D6B-BB30-C1262958AB0F}"
EndProject
Project("{FAE04EC0-301F-11D3-BF4B-00C04F79EFBC}") = "Kino.Repository.Common", "Kino.Repository.Common\Kino.Repository.Common.csproj", "{DA8CF2DA-42DD-4528-99F8-283A7D06AF29}"
EndProject
Project("{FAE04EC0-301F-11D3-BF4B-00C04F79EFBC}") = "Kino.Model", "Kino.Model\Kino.Model.csproj", "{B16C981D-CE8E-4BE2-9509-BD1A4A828C2C}"
EndProject
Project("{FAE04EC0-301F-11D3-BF4B-00C04F79EFBC}") = "Kino.Model.Common", "Kino.Model.Common\Kino.Model.Common.csproj", "{586CD367-35CE-40F8-B22F-7CB3CF780245}"
EndProject
Project("{FAE04EC0-301F-11D3-BF4B-00C04F79EFBC}") = "Kino.Common", "Kino.Common\Kino.Common.csproj", "{A8845A9D-26EC-4A70-9869-A9973510652D}"
EndProject
Global
	GlobalSection(SolutionConfigurationPlatforms) = preSolution
		Debug|Any CPU = Debug|Any CPU
		Release|Any CPU = Release|Any CPU
	EndGlobalSection
	GlobalSection(ProjectConfigurationPlatforms) = postSolution
		{441364F6-4C6D-4ECD-965B-B064F0A1B902}.Debug|Any CPU.ActiveCfg = Debug|Any CPU
		{441364F6-4C6D-4ECD-965B-B064F0A1B902}.Debug|Any CPU.Build.0 = Debug|Any CPU
		{441364F6-4C6D-4ECD-965B-B064F0A1B902}.Release|Any CPU.ActiveCfg = Release|Any CPU
		{441364F6-4C6D-4ECD-965B-B064F0A1B902}.Release|Any CPU.Build.0 = Release|Any CPU
		{AC2EE137-E393-4204-BD51-7E9F7CA2C629}.Debug|Any CPU.ActiveCfg = Debug|Any CPU
		{AC2EE137-E393-4204-BD51-7E9F7CA2C629}.Debug|Any CPU.Build.0 = Debug|Any CPU
		{AC2EE137-E393-4204-BD51-7E9F7CA2C629}.Release|Any CPU.ActiveCfg = Release|Any CPU
		{AC2EE137-E393-4204-BD51-7E9F7CA2C629}.Release|Any CPU.Build.0 = Release|Any CPU
		{9E7B0855-B840-4A6A-978D-AE06008321CA}.Debug|Any CPU.ActiveCfg = Debug|Any CPU
		{9E7B0855-B840-4A6A-978D-AE06008321CA}.Debug|Any CPU.Build.0 = Debug|Any CPU
		{9E7B0855-B840-4A6A-978D-AE06008321CA}.Release|Any CPU.ActiveCfg = Release|Any CPU
		{9E7B0855-B840-4A6A-978D-AE06008321CA}.Release|Any CPU.Build.0 = Release|Any CPU
		{40B575D6-C7C2-4D6B-BB30-C1262958AB0F}.Debug|Any CPU.ActiveCfg = Debug|Any CPU
		{40B575D6-C7C2-4D6B-BB30-C1262958AB0F}.Debug|Any CPU.Build.0 = Debug|Any CPU
		{40B575D6-C7C2-4D6B-BB30-C1262958AB0F}.Release|Any CPU.ActiveCfg = Release|Any CPU
		{40B575D6-C7C2-4D6B-BB30-C1262958AB0F}.Release|Any CPU.Build.0 = Release|Any CPU
		{DA8CF2DA-42DD-4528-99F8-283A7D06AF29}.Debug|Any CPU.ActiveCfg = Debug|Any CPU
		{DA8CF2DA-42DD-4528-99F8-283A7D06AF29}.Debug|Any CPU.Build.0 = Debug|Any CPU
		{DA8CF2DA-42DD-4528-99F8-283A7D06AF29}.Release|Any CPU.ActiveCfg = Release|Any CPU
		{DA8CF2DA-42DD-4528-99F8-283A7D06AF29}.Release|Any CPU.Build.0 = Release|Any CPU
		{B16C981D-CE8E-4BE2-9509-BD1A4A828C2C}.Debug|Any CPU.ActiveCfg = Debug|Any CPU
		{B16C981D-CE8E-4BE2-9509-BD1A4A828C2C}.Debug|Any CPU.Build.0 = Debug|Any CPU
		{B16C981D-CE8E-4BE2-9509-BD1A4A828C2C}.Release|Any CPU.ActiveCfg = Release|Any CPU
		{B16C981D-CE8E-4BE2-9509-BD1A4A828C2C}.Release|Any CPU.Build.0 = Release|Any CPU
		{586CD367-35CE-40F8-B22F-7CB3CF780245}.Debug|Any CPU.ActiveCfg = Debug|Any CPU
		{586CD367-35CE-40F8-B22F-7CB3CF780245}.Debug|Any CPU.Build.0 = Debug|Any CPU
		{586CD367-35CE-40F8-B22F-7CB3CF780245}.Release|Any CPU.ActiveCfg = Release|Any CPU
		{586CD367-35CE-40F8-B22F-7CB3CF780245}.Release|Any CPU.Build.0 = Release|Any CPU
		{A8845A9D-26EC-4A70-9869-A9973510652D}.Debug|Any CPU.ActiveCfg = Debug|Any CPU
		{A8845A9D-26EC-4A70-9869-A9973510652D}.Debug|Any CPU.Build.0 = Debug|Any CPU
		{A8845A9D-26EC-4A70-9869-A9973510652D}.Release|Any CPU.ActiveCfg = Release|Any CPU
		{A8845A9D-26EC-4A70-9869-A9973510652D}.Release|Any CPU.Build.0 = Release|Any CPU
	EndGlobalSection
	GlobalSection(SolutionProperties) = preSolution
		HideSolutionNode = FALSE
	EndGlobalSection
	GlobalSection(ExtensibilityGlobals) = postSolution
		SolutionGuid = {B85206AD-15F3-4E20-8EC5-41601613FCD5}
	EndGlobalSection
EndGlobal
